
Microsoft Visual Studio Solution File, Format Version 12.00
# Visual Studio Version 16
VisualStudioVersion = 16.0.29609.76
MinimumVisualStudioVersion = 10.0.40219.1
Project("{FAE04EC0-301F-11D3-BF4B-00C04F79EFBC}") = "Othello", "Othello\Othello.csproj", "{010D5931-3052-47C3-B340-B45C7CB8B245}"
EndProject
Global
	GlobalSection(SolutionConfigurationPlatforms) = preSolution
		Debug|Any CPU = Debug|Any CPU
		Release|Any CPU = Release|Any CPU
	EndGlobalSection
	GlobalSection(ProjectConfigurationPlatforms) = postSolution
		{010D5931-3052-47C3-B340-B45C7CB8B245}.Debug|Any CPU.ActiveCfg = Debug|Any CPU
		{010D5931-3052-47C3-B340-B45C7CB8B245}.Debug|Any CPU.Build.0 = Debug|Any CPU
		{010D5931-3052-47C3-B340-B45C7CB8B245}.Release|Any CPU.ActiveCfg = Release|Any CPU
		{010D5931-3052-47C3-B340-B45C7CB8B245}.Release|Any CPU.Build.0 = Release|Any CPU
	EndGlobalSection
	GlobalSection(SolutionProperties) = preSolution
		HideSolutionNode = FALSE
	EndGlobalSection
	GlobalSection(ExtensibilityGlobals) = postSolution
		SolutionGuid = {FBCB1C68-7334-48CB-977D-4DAA394A1F1F}
	EndGlobalSection
EndGlobal
